lockfileVersion: 5.4

overrides:
  '@types/react': ^18.0.38
  '@types/react-dom': ^18.0.11
  '@types/responselike': ^1.0.0
  typescript: ~4.8.4

importers:

  packages/descriptions:
    specifiers:
      '@ant-design/pro-field': 2.12.1
      '@ant-design/pro-form': 2.18.2
      '@ant-design/pro-skeleton': 2.1.7
      '@ant-design/pro-utils': 2.14.1
      '@babel/runtime': ^7.18.0
      rc-resize-observer: ^0.2.3
      rc-util: ^5.0.6
      typescript: ~4.8.4
    dependencies:
      '@ant-design/pro-field': link:../field
      '@ant-design/pro-form': link:../form
      '@ant-design/pro-skeleton': link:../skeleton
      '@ant-design/pro-utils': link:../utils
      '@babel/runtime': 7.22.11
      rc-resize-observer: 0.2.6
      rc-util: 5.37.0
    devDependencies:
      typescript: 4.8.4

  packages/field:
    specifiers:
      '@ant-design/icons': ^5.0.0
      '@ant-design/pro-provider': 2.12.2
      '@ant-design/pro-utils': 2.14.1
      '@babel/runtime': ^7.18.0
      '@chenshuai2144/sketch-color': ^1.0.8
      '@types/lodash.tonumber': ^4.0.6
      '@types/react-color': ^3.0.4
      classnames: ^2.3.2
      dayjs: ^1.11.9
      lodash.tonumber: ^4.0.3
      omit.js: ^2.0.2
      rc-resize-observer: ^0.2.3
      rc-util: ^5.4.0
      swr: ^2.0.0
      typescript: ~4.8.4
    dependencies:
      '@ant-design/icons': 5.2.5
      '@ant-design/pro-provider': link:../provider
      '@ant-design/pro-utils': link:../utils
      '@babel/runtime': 7.22.11
      '@chenshuai2144/sketch-color': 1.0.9
      classnames: 2.3.2
      dayjs: 1.11.9
      lodash.tonumber: 4.0.3
      omit.js: 2.0.2
      rc-util: 5.37.0
      swr: 2.2.2
    devDependencies:
      '@types/lodash.tonumber': 4.0.7
      '@types/react-color': 3.0.6
      rc-resize-observer: 0.2.6
      typescript: 4.8.4

  packages/form:
    specifiers:
      '@ant-design/icons': ^5.0.0
      '@ant-design/pro-field': 2.12.1
      '@ant-design/pro-provider': 2.12.2
      '@ant-design/pro-utils': 2.14.1
      '@babel/runtime': ^7.18.0
      '@chenshuai2144/sketch-color': ^1.0.7
      '@types/lodash.merge': ^4.6.7
      '@umijs/use-params': ^1.0.9
      classnames: ^2.3.2
      lodash.merge: ^4.6.2
      omit.js: ^2.0.2
      rc-resize-observer: ^1.1.0
      rc-util: ^5.0.6
      typescript: ~4.8.4
    dependencies:
      '@ant-design/icons': 5.2.5
      '@ant-design/pro-field': link:../field
      '@ant-design/pro-provider': link:../provider
      '@ant-design/pro-utils': link:../utils
      '@babel/runtime': 7.22.11
      '@chenshuai2144/sketch-color': 1.0.9
      '@umijs/use-params': 1.0.9
      classnames: 2.3.2
      lodash.merge: 4.6.2
      omit.js: 2.0.2
      rc-resize-observer: 1.3.1
      rc-util: 5.37.0
    devDependencies:
      '@types/lodash.merge': 4.6.7
      typescript: 4.8.4

  packages/layout:
    specifiers:
      '@ant-design/icons': ^5.0.0
      '@ant-design/pro-provider': 2.12.2
      '@ant-design/pro-utils': 2.14.1
      '@babel/runtime': ^7.18.0
      '@umijs/route-utils': ^4.0.0
      '@umijs/use-params': ^1.0.9
      classnames: ^2.3.2
      lodash.merge: ^4.6.2
      omit.js: ^2.0.2
      path-to-regexp: 2.4.0
      rc-resize-observer: ^1.1.0
      rc-util: ^5.0.6
      swr: ^2.0.0
      typescript: ~4.8.4
      warning: ^4.0.3
    dependencies:
      '@ant-design/icons': 5.2.5
      '@ant-design/pro-provider': link:../provider
      '@ant-design/pro-utils': link:../utils
      '@babel/runtime': 7.22.11
      '@umijs/route-utils': 4.0.1
      '@umijs/use-params': 1.0.9
      classnames: 2.3.2
      lodash.merge: 4.6.2
      omit.js: 2.0.2
      path-to-regexp: 2.4.0
      rc-resize-observer: 1.3.1
      rc-util: 5.37.0
      swr: 2.2.2
      warning: 4.0.3
    devDependencies:
      typescript: 4.8.4

  packages/table:
    specifiers:
      '@ant-design/icons': ^5.0.0
      '@ant-design/pro-card': 2.5.13
      '@ant-design/pro-field': 2.12.1
      '@ant-design/pro-form': 2.18.2
      '@ant-design/pro-provider': 2.12.2
      '@ant-design/pro-utils': 2.14.1
      '@babel/runtime': ^7.18.0
      '@dnd-kit/core': ^6.0.8
      '@dnd-kit/modifiers': ^6.0.1
      '@dnd-kit/sortable': ^7.0.2
      '@dnd-kit/utilities': ^3.2.1
      classnames: ^2.3.2
      dayjs: ^1.11.9
      omit.js: ^2.0.2
      rc-resize-observer: ^1.0.0
      rc-util: ^5.0.1
      typescript: ~4.8.4
    dependencies:
      '@ant-design/icons': 5.2.5
      '@ant-design/pro-card': link:../card
      '@ant-design/pro-field': link:../field
      '@ant-design/pro-form': link:../form
      '@ant-design/pro-provider': link:../provider
      '@ant-design/pro-utils': link:../utils
      '@babel/runtime': 7.22.11
      '@dnd-kit/core': 6.0.8
      '@dnd-kit/modifiers': 6.0.1_@dnd-kit+core@6.0.8
      '@dnd-kit/sortable': 7.0.2_@dnd-kit+core@6.0.8
      '@dnd-kit/utilities': 3.2.1
      classnames: 2.3.2
      dayjs: 1.11.9
      omit.js: 2.0.2
      rc-resize-observer: 1.3.1
      rc-util: 5.37.0
    devDependencies:
      typescript: 4.8.4

  packages/utils:
    specifiers:
      '@ant-design/icons': ^5.0.0
      '@ant-design/pro-provider': 2.12.2
      '@babel/runtime': ^7.18.0
      classnames: ^2.3.2
      dayjs: ^1.11.9
      lodash.merge: ^4.6.2
      rc-util: ^5.0.6
      safe-stable-stringify: ^2.4.3
      swr: ^2.0.0
      typescript: ~4.8.4
    dependencies:
      '@ant-design/icons': 5.2.5
      '@ant-design/pro-provider': link:../provider
      '@babel/runtime': 7.22.11
      classnames: 2.3.2
      dayjs: 1.11.9
      lodash.merge: 4.6.2
      rc-util: 5.37.0
      safe-stable-stringify: 2.4.3
      swr: 2.2.2
    devDependencies:
      typescript: 4.8.4

packages:

  /@ant-design/colors/7.0.0:
    resolution: {integrity: sha512-iVm/9PfGCbC0dSMBrz7oiEXZaaGH7ceU40OJEfKmyuzR9R5CRimJYPlRiFtMQGQcbNMea/ePcoIebi4ASGYXtg==}
    dependencies:
      '@ctrl/tinycolor': 3.6.1
    dev: false

  /@ant-design/icons-svg/4.3.1:
    resolution: {integrity: sha512-4QBZg8ccyC6LPIRii7A0bZUk3+lEDCLnhB+FVsflGdcWPPmV+j3fire4AwwoqHV/BibgvBmR9ZIo4s867smv+g==}
    dev: false

  /@ant-design/icons/5.2.5:
    resolution: {integrity: sha512-9Jc59v5fl5dzmxqLWtRev3dJwU7Ya9ZheoI6XmZjZiQ7PRtk77rC+Rbt7GJzAPPg43RQ4YO53RE1u8n+Et97vQ==}
    engines: {node: '>=8'}
    peerDependencies:
      react: '>=16.0.0'
      react-dom: '>=16.0.0'
    dependencies:
      '@ant-design/colors': 7.0.0
      '@ant-design/icons-svg': 4.3.1
      '@babel/runtime': 7.22.11
      classnames: 2.3.2
      lodash.camelcase: 4.3.0
      rc-util: 5.37.0
    dev: false

  /@babel/runtime/7.22.11:
    resolution: {integrity: sha512-ee7jVNlWN09+KftVOu9n7S8gQzD/Z6hN/I8VBRXW4P1+Xe7kJGXMwu8vds4aGIMHZnNbdpSWCfZZtinytpcAvA==}
    engines: {node: '>=6.9.0'}
    dependencies:
      regenerator-runtime: 0.14.0

  /@chenshuai2144/sketch-color/1.0.9:
    resolution: {integrity: sha512-obzSy26cb7Pm7OprWyVpgMpIlrZpZ0B7vbrU0RMbvRg0YAI890S5Xy02Aj1Nhl4+KTbi1lVYHt6HQP8Hm9s+1w==}
    peerDependencies:
      react: '>=16.12.0'
    dependencies:
      reactcss: 1.2.3
      tinycolor2: 1.6.0
    dev: false

  /@ctrl/tinycolor/3.6.1:
    resolution: {integrity: sha512-SITSV6aIXsuVNV3f3O0f2n/cgyEDWoSqtZMYiAmcsYHydcKrOz3gUxB/iXd/Qf08+IZX4KpgNbvUdMBmWz+kcA==}
    engines: {node: '>=10'}
    dev: false

  /@dnd-kit/accessibility/3.0.1:
    resolution: {integrity: sha512-HXRrwS9YUYQO9lFRc/49uO/VICbM+O+ZRpFDe9Pd1rwVv2PCNkRiTZRdxrDgng/UkvdC3Re9r2vwPpXXrWeFzg==}
    peerDependencies:
      react: '>=16.8.0'
    dependencies:
      tslib: 2.6.2
    dev: false

  /@dnd-kit/core/6.0.8:
    resolution: {integrity: sha512-lYaoP8yHTQSLlZe6Rr9qogouGUz9oRUj4AHhDQGQzq/hqaJRpFo65X+JKsdHf8oUFBzx5A+SJPUvxAwTF2OabA==}
    peerDependencies:
      react: '>=16.8.0'
      react-dom: '>=16.8.0'
    dependencies:
      '@dnd-kit/accessibility': 3.0.1
      '@dnd-kit/utilities': 3.2.1
      tslib: 2.6.2
    dev: false

  /@dnd-kit/modifiers/6.0.1_@dnd-kit+core@6.0.8:
    resolution: {integrity: sha512-rbxcsg3HhzlcMHVHWDuh9LCjpOVAgqbV78wLGI8tziXY3+qcMQ61qVXIvNKQFuhj75dSfD+o+PYZQ/NUk2A23A==}
    peerDependencies:
      '@dnd-kit/core': ^6.0.6
      react: '>=16.8.0'
    dependencies:
      '@dnd-kit/core': 6.0.8
      '@dnd-kit/utilities': 3.2.1
      tslib: 2.6.2
    dev: false

  /@dnd-kit/sortable/7.0.2_@dnd-kit+core@6.0.8:
    resolution: {integrity: sha512-wDkBHHf9iCi1veM834Gbk1429bd4lHX4RpAwT0y2cHLf246GAvU2sVw/oxWNpPKQNQRQaeGXhAVgrOl1IT+iyA==}
    peerDependencies:
      '@dnd-kit/core': ^6.0.7
      react: '>=16.8.0'
    dependencies:
      '@dnd-kit/core': 6.0.8
      '@dnd-kit/utilities': 3.2.1
      tslib: 2.6.2
    dev: false

  /@dnd-kit/utilities/3.2.1:
    resolution: {integrity: sha512-OOXqISfvBw/1REtkSK2N3Fi2EQiLMlWUlqnOK/UpOISqBZPWpE6TqL+jcPtMOkE8TqYGiURvRdPSI9hltNUjEA==}
    peerDependencies:
      react: '>=16.8.0'
    dependencies:
      tslib: 2.6.2
    dev: false

  /@types/lodash.merge/4.6.7:
    resolution: {integrity: sha512-OwxUJ9E50gw3LnAefSHJPHaBLGEKmQBQ7CZe/xflHkyy/wH2zVyEIAKReHvVrrn7zKdF58p16We9kMfh7v0RRQ==}
    dependencies:
      '@types/lodash': 4.14.197
    dev: true

  /@types/lodash.tonumber/4.0.7:
    resolution: {integrity: sha512-+hJ7A8gssoiVJVNM9x+9ljzeg/EsmI3FdrElUYSfqAHFvlt/2Oc8hBJdIS1lZDkVV0pNMABaDVmtygu2yZstGg==}
    dependencies:
      '@types/lodash': 4.14.197
    dev: true

  /@types/lodash/4.14.197:
    resolution: {integrity: sha512-BMVOiWs0uNxHVlHBgzTIqJYmj+PgCo4euloGF+5m4okL3rEYzM2EEv78mw8zWSMM57dM7kVIgJ2QDvwHSoCI5g==}
    dev: true

  /@types/prop-types/15.7.5:
    resolution: {integrity: sha512-JCB8C6SnDoQf0cNycqd/35A7MjcnK+ZTqE7judS6o7utxUCg6imJg3QK2qzHKszlTjcj2cn+NwMB2i96ubpj7w==}
    dev: true

  /@types/react-color/3.0.6:
    resolution: {integrity: sha1-YC/tAjgCskJOfNb/NZTM09UFX5o=}
    dependencies:
      '@types/react': 18.2.21
      '@types/reactcss': 1.2.6
    dev: true

  /@types/react/18.2.21:
    resolution: {integrity: sha512-neFKG/sBAwGxHgXiIxnbm3/AAVQ/cMRS93hvBpg8xYRbeQSPVABp9U2bRnPf0iI4+Ucdv3plSxKK+3CW2ENJxA==}
    dependencies:
      '@types/prop-types': 15.7.5
      '@types/scheduler': 0.16.3
      csstype: 3.1.2
    dev: true

  /@types/reactcss/1.2.6:
    resolution: {integrity: sha1-EzwefolvJyY3DR1aJr8GowoDi8w=}
    dependencies:
      '@types/react': 18.2.21
    dev: true

  /@types/scheduler/0.16.3:
    resolution: {integrity: sha512-5cJ8CB4yAx7BH1oMvdU0Jh9lrEXyPkar6F9G/ERswkCuvP4KQZfZkSjcMbAICCpQTN4OuZn8tz0HiKv9TGZgrQ==}
    dev: true

  /@umijs/route-utils/4.0.1:
    resolution: {integrity: sha512-+1ixf1BTOLuH+ORb4x8vYMPeIt38n9q0fJDwhv9nSxrV46mxbLF0nmELIo9CKQB2gHfuC4+hww6xejJ6VYnBHQ==}
    dev: false

  /@umijs/use-params/1.0.9:
    resolution: {integrity: sha512-QlN0RJSBVQBwLRNxbxjQ5qzqYIGn+K7USppMoIOVlf7fxXHsnQZ2bEsa6Pm74bt6DVQxpUE8HqvdStn6Y9FV1w==}
    peerDependencies:
      react: '*'
    dev: false

  /classnames/2.3.2:
    resolution: {integrity: sha512-CSbhY4cFEJRe6/GQzIk5qXZ4Jeg5pcsP7b5peFSDpffpe1cqjASH/n9UTjBwOp6XpMSTwQ8Za2K5V02ueA7Tmw==}

  /client-only/0.0.1:
    resolution: {integrity: sha512-IV3Ou0jSMzZrd3pZ48nLkT9DA7Ag1pnPzaiQhpW7c3RbcqqzvzzVu+L8gfqMp/8IM2MQtSiqaCxrrcfu8I8rMA==}
    dev: false

  /csstype/3.1.2:
    resolution: {integrity: sha512-I7K1Uu0MBPzaFKg4nI5Q7Vs2t+3gWWW648spaF+Rg7pI9ds18Ugn+lvg4SHczUdKlHI5LWBXyqfS8+DufyBsgQ==}
    dev: true

  /dayjs/1.11.9:
    resolution: {integrity: sha512-QvzAURSbQ0pKdIye2txOzNaHmxtUBXerpY0FJsFXUMKbIZeFm5ht1LS/jFsrncjnmtv8HsG0W2g6c0zUjZWmpA==}
    dev: false

  /js-tokens/4.0.0:
    resolution: {integrity: sha1-GSA/tZmR35jjoocFDUZHzerzJJk=}
    dev: false

  /lodash.camelcase/4.3.0:
    resolution: {integrity: sha1-soqmKIorn8ZRA1x3EfZathkDMaY=}
    dev: false

  /lodash.merge/4.6.2:
    resolution: {integrity: sha1-VYqlO0O2YeGSWgr9+japoQhf5Xo=}
    dev: false

  /lodash.tonumber/4.0.3:
    resolution: {integrity: sha1-C5azGzVnJ5Prf1pj7nkfG56QJdk=}
    dev: false

  /lodash/4.17.21:
    resolution: {integrity: sha1-Z5WRxWTDv/quhFTPCz3zcMPWkRw=}
    dev: false

  /loose-envify/1.4.0:
    resolution: {integrity: sha1-ce5R+nvkyuwaY4OffmgtgTLTDK8=}
    hasBin: true
    dependencies:
      js-tokens: 4.0.0
    dev: false

  /omit.js/2.0.2:
    resolution: {integrity: sha1-3ZuENvq5R6Xz/yFMslOGMeMT7C8=}
    dev: false

  /path-to-regexp/2.4.0:
    resolution: {integrity: sha1-Nc5/Mz1WFvHB4b/iZsOrouWy5wQ=}
    dev: false

  /rc-resize-observer/0.2.6:
    resolution: {integrity: sha1-wbZC9tEpPjTE43FfR/aUQ6FnuCU=}
    peerDependencies:
      react: '>=16.9.0'
      react-dom: '>=16.9.0'
    dependencies:
      '@babel/runtime': 7.22.11
      classnames: 2.3.2
      rc-util: 5.37.0
      resize-observer-polyfill: 1.5.1

  /rc-resize-observer/1.3.1:
    resolution: {integrity: sha512-iFUdt3NNhflbY3mwySv5CA1TC06zdJ+pfo0oc27xpf4PIOvfZwZGtD9Kz41wGYqC4SLio93RVAirSSpYlV/uYg==}
    peerDependencies:
      react: '>=16.9.0'
      react-dom: '>=16.9.0'
    dependencies:
      '@babel/runtime': 7.22.11
      classnames: 2.3.2
      rc-util: 5.37.0
      resize-observer-polyfill: 1.5.1
    dev: false

  /rc-util/5.37.0:
    resolution: {integrity: sha512-cPMV8DzaHI1KDaS7XPRXAf4J7mtBqjvjikLpQieaeOO7+cEbqY2j7Kso/T0R0OiEZTNcLS/8Zl9YrlXiO9UbjQ==}
    peerDependencies:
      react: '>=16.9.0'
      react-dom: '>=16.9.0'
    dependencies:
      '@babel/runtime': 7.22.11
      react-is: 16.13.1

  /react-is/16.13.1:
    resolution: {integrity: sha1-eJcppNw23imZ3BVt1sHZwYzqVqQ=}

  /reactcss/1.2.3:
    resolution: {integrity: sha1-wAATh15Vexzw39mjaKHD2rO1SN0=}
    peerDependencies:
      react: '*'
    dependencies:
      lodash: 4.17.21
    dev: false

  /regenerator-runtime/0.14.0:
    resolution: {integrity: sha512-srw17NI0TUWHuGa5CFGGmhfNIeja30WMBfbslPNhf6JrqQlLN5gcrvig1oqPxiVaXb0oW0XRKtH6Nngs5lKCIA==}

  /resize-observer-polyfill/1.5.1:
    resolution: {integrity: sha1-DpAg3T0hAkRY1OvSfiPkAmmBBGQ=}

  /safe-stable-stringify/2.4.3:
    resolution: {integrity: sha512-e2bDA2WJT0wxseVd4lsDP4+3ONX6HpMXQa1ZhFQ7SU+GjvORCmShbCMltrtIDfkYhVHrOcPtj+KhmDBdPdZD1g==}
    engines: {node: '>=10'}
    dev: false

  /swr/2.2.2:
    resolution: {integrity: sha512-CbR41AoMD4TQBQw9ic3GTXspgfM9Y8Mdhb5Ob4uIKXhWqnRLItwA5fpGvB7SmSw3+zEjb0PdhiEumtUvYoQ+bQ==}
    peerDependencies:
      react: ^16.11.0 || ^17.0.0 || ^18.0.0
    dependencies:
      client-only: 0.0.1
      use-sync-external-store: 1.2.0
    dev: false

  /tinycolor2/1.6.0:
    resolution: {integrity: sha512-XPaBkWQJdsf3pLKJV9p4qN/S+fm2Oj8AIPo1BTUhg5oxkvm9+SVEGFdhyOz7tTdUTfvxMiAs4sp6/eZO2Ew+pw==}
    dev: false

  /tslib/2.6.2:
    resolution: {integrity: sha512-AEYxH93jGFPn/a2iVAwW87VuUIkR1FVUKB77NwMF7nBTDkDrrT/Hpt/IrCJ0QXhW27jTBDcf5ZY7w6RiqTMw2Q==}
    dev: false

  /typescript/4.8.4:
    resolution: {integrity: sha512-QCh+85mCy+h0IGff8r5XWzOVSbBO+KfeYrMQh7NJ58QujwcE22u+NUSmUxqF+un70P9GXKxa2HCNiTTMJknyjQ==}
    engines: {node: '>=4.2.0'}
    hasBin: true
    dev: true

  /use-sync-external-store/1.2.0:
    resolution: {integrity: sha512-eEgnFxGQ1Ife9bzYs6VLi8/4X6CObHMw9Qr9tPY43iKwsPw8xE8+EFsf/2cFZ5S3esXgpWgtSCtLNS41F+sKPA==}
    peerDependencies:
      react: ^16.8.0 || ^17.0.0 || ^18.0.0
    dev: false

  /warning/4.0.3:
    resolution: {integrity: sha1-Fungd+uKhtavfWSqHgX9hbRnjKM=}
    dependencies:
      loose-envify: 1.4.0
    dev: false
